
Microsoft Visual Studio Solution File, Format Version 12.00
# Visual Studio Version 16
VisualStudioVersion = 16.0.30711.63
MinimumVisualStudioVersion = 10.0.40219.1
Project("{FAE04EC0-301F-11D3-BF4B-00C04F79EFBC}") = "EO_JS.UWP", "EO_JS.UWP\EO_JS.UWP.csproj", "{66CE08FE-A1B4-41E7-B35C-B8CF7877EFC0}"
EndProject
Project("{FAE04EC0-301F-11D3-BF4B-00C04F79EFBC}") = "EO_JS.Android", "EO_JS.Android\EO_JS.Android.csproj", "{BDA670BD-56C2-49FD-8859-6EFCF5CB9688}"
EndProject
Project("{FAE04EC0-301F-11D3-BF4B-00C04F79EFBC}") = "EO_JS.iOS", "EO_JS.iOS\EO_JS.iOS.csproj", "{48B5CEE9-25E0-4271-B933-97019B580A7C}"
EndProject
Project("{FAE04EC0-301F-11D3-BF4B-00C04F79EFBC}") = "EO_JS", "EO_JS\EO_JS.csproj", "{DD5E3AB6-4389-48F3-B18D-070AA1BE9357}"
EndProject
Global
	GlobalSection(SolutionConfigurationPlatforms) = preSolution
		Debug|Any CPU = Debug|Any CPU
		Debug|ARM = Debug|ARM
		Debug|iPhone = Debug|iPhone
		Debug|iPhoneSimulator = Debug|iPhoneSimulator
		Debug|x64 = Debug|x64
		Debug|x86 = Debug|x86
		Release|Any CPU = Release|Any CPU
		Release|ARM = Release|ARM
		Release|iPhone = Release|iPhone
		Release|iPhoneSimulator = Release|iPhoneSimulator
		Release|x64 = Release|x64
		Release|x86 = Release|x86
	EndGlobalSection
	GlobalSection(ProjectConfigurationPlatforms) = postSolution
		{66CE08FE-A1B4-41E7-B35C-B8CF7877EFC0}.Debug|Any CPU.ActiveCfg = Debug|x86
		{66CE08FE-A1B4-41E7-B35C-B8CF7877EFC0}.Debug|Any CPU.Build.0 = Debug|x86
		{66CE08FE-A1B4-41E7-B35C-B8CF7877EFC0}.Debug|Any CPU.Deploy.0 = Debug|x86
		{66CE08FE-A1B4-41E7-B35C-B8CF7877EFC0}.Debug|ARM.ActiveCfg = Debug|ARM
		{66CE08FE-A1B4-41E7-B35C-B8CF7877EFC0}.Debug|ARM.Build.0 = Debug|ARM
		{66CE08FE-A1B4-41E7-B35C-B8CF7877EFC0}.Debug|ARM.Deploy.0 = Debug|ARM
		{66CE08FE-A1B4-41E7-B35C-B8CF7877EFC0}.Debug|iPhone.ActiveCfg = Debug|x86
		{66CE08FE-A1B4-41E7-B35C-B8CF7877EFC0}.Debug|iPhone.Build.0 = Debug|x86
		{66CE08FE-A1B4-41E7-B35C-B8CF7877EFC0}.Debug|iPhone.Deploy.0 = Debug|x86
		{66CE08FE-A1B4-41E7-B35C-B8CF7877EFC0}.Debug|iPhoneSimulator.ActiveCfg = Debug|x86
		{66CE08FE-A1B4-41E7-B35C-B8CF7877EFC0}.Debug|iPhoneSimulator.Build.0 = Debug|x86
		{66CE08FE-A1B4-41E7-B35C-B8CF7877EFC0}.Debug|iPhoneSimulator.Deploy.0 = Debug|x86
		{66CE08FE-A1B4-41E7-B35C-B8CF7877EFC0}.Debug|x64.ActiveCfg = Debug|x64
		{66CE08FE-A1B4-41E7-B35C-B8CF7877EFC0}.Debug|x64.Build.0 = Debug|x64
		{66CE08FE-A1B4-41E7-B35C-B8CF7877EFC0}.Debug|x64.Deploy.0 = Debug|x64
		{66CE08FE-A1B4-41E7-B35C-B8CF7877EFC0}.Debug|x86.ActiveCfg = Debug|x86
		{66CE08FE-A1B4-41E7-B35C-B8CF7877EFC0}.Debug|x86.Build.0 = Debug|x86
		{66CE08FE-A1B4-41E7-B35C-B8CF7877EFC0}.Debug|x86.Deploy.0 = Debug|x86
		{66CE08FE-A1B4-41E7-B35C-B8CF7877EFC0}.Release|Any CPU.ActiveCfg = Release|x86
		{66CE08FE-A1B4-41E7-B35C-B8CF7877EFC0}.Release|Any CPU.Build.0 = Release|x86
		{66CE08FE-A1B4-41E7-B35C-B8CF7877EFC0}.Release|Any CPU.Deploy.0 = Release|x86
		{66CE08FE-A1B4-41E7-B35C-B8CF7877EFC0}.Release|ARM.ActiveCfg = Release|ARM
		{66CE08FE-A1B4-41E7-B35C-B8CF7877EFC0}.Release|ARM.Build.0 = Release|ARM
		{66CE08FE-A1B4-41E7-B35C-B8CF7877EFC0}.Release|ARM.Deploy.0 = Release|ARM
		{66CE08FE-A1B4-41E7-B35C-B8CF7877EFC0}.Release|iPhone.ActiveCfg = Release|x86
		{66CE08FE-A1B4-41E7-B35C-B8CF7877EFC0}.Release|iPhone.Build.0 = Release|x86
		{66CE08FE-A1B4-41E7-B35C-B8CF7877EFC0}.Release|iPhone.Deploy.0 = Release|x86
		{66CE08FE-A1B4-41E7-B35C-B8CF7877EFC0}.Release|iPhoneSimulator.ActiveCfg = Release|x86
		{66CE08FE-A1B4-41E7-B35C-B8CF7877EFC0}.Release|iPhoneSimulator.Build.0 = Release|x86
		{66CE08FE-A1B4-41E7-B35C-B8CF7877EFC0}.Release|iPhoneSimulator.Deploy.0 = Release|x86
		{66CE08FE-A1B4-41E7-B35C-B8CF7877EFC0}.Release|x64.ActiveCfg = Release|x64
		{66CE08FE-A1B4-41E7-B35C-B8CF7877EFC0}.Release|x64.Build.0 = Release|x64
		{66CE08FE-A1B4-41E7-B35C-B8CF7877EFC0}.Release|x64.Deploy.0 = Release|x64
		{66CE08FE-A1B4-41E7-B35C-B8CF7877EFC0}.Release|x86.ActiveCfg = Release|x86
		{66CE08FE-A1B4-41E7-B35C-B8CF7877EFC0}.Release|x86.Build.0 = Release|x86
		{66CE08FE-A1B4-41E7-B35C-B8CF7877EFC0}.Release|x86.Deploy.0 = Release|x86
		{BDA670BD-56C2-49FD-8859-6EFCF5CB9688}.Debug|Any CPU.ActiveCfg = Debug|Any CPU
		{BDA670BD-56C2-49FD-8859-6EFCF5CB9688}.Debug|Any CPU.Build.0 = Debug|Any CPU
		{BDA670BD-56C2-49FD-8859-6EFCF5CB9688}.Debug|Any CPU.Deploy.0 = Debug|Any CPU
		{BDA670BD-56C2-49FD-8859-6EFCF5CB9688}.Debug|ARM.ActiveCfg = Debug|Any CPU
		{BDA670BD-56C2-49FD-8859-6EFCF5CB9688}.Debug|ARM.Build.0 = Debug|Any CPU
		{BDA670BD-56C2-49FD-8859-6EFCF5CB9688}.Debug|ARM.Deploy.0 = Debug|Any CPU
		{BDA670BD-56C2-49FD-8859-6EFCF5CB9688}.Debug|iPhone.ActiveCfg = Debug|Any CPU
		{BDA670BD-56C2-49FD-8859-6EFCF5CB9688}.Debug|iPhone.Build.0 = Debug|Any CPU
		{BDA670BD-56C2-49FD-8859-6EFCF5CB9688}.Debug|iPhone.Deploy.0 = Debug|Any CPU
		{BDA670BD-56C2-49FD-8859-6EFCF5CB9688}.Debug|iPhoneSimulator.ActiveCfg = Debug|Any CPU
		{BDA670BD-56C2-49FD-8859-6EFCF5CB9688}.Debug|iPhoneSimulator.Build.0 = Debug|Any CPU
		{BDA670BD-56C2-49FD-8859-6EFCF5CB9688}.Debug|iPhoneSimulator.Deploy.0 = Debug|Any CPU
		{BDA670BD-56C2-49FD-8859-6EFCF5CB9688}.Debug|x64.ActiveCfg = Debug|Any CPU
		{BDA670BD-56C2-49FD-8859-6EFCF5CB9688}.Debug|x64.Build.0 = Debug|Any CPU
		{BDA670BD-56C2-49FD-8859-6EFCF5CB9688}.Debug|x64.Deploy.0 = Debug|Any CPU
		{BDA670BD-56C2-49FD-8859-6EFCF5CB9688}.Debug|x86.ActiveCfg = Debug|Any CPU
		{BDA670BD-56C2-49FD-8859-6EFCF5CB9688}.Debug|x86.Build.0 = Debug|Any CPU
		{BDA670BD-56C2-49FD-8859-6EFCF5CB9688}.Debug|x86.Deploy.0 = Debug|Any CPU
		{BDA670BD-56C2-49FD-8859-6EFCF5CB9688}.Release|Any CPU.ActiveCfg = Release|Any CPU
		{BDA670BD-56C2-49FD-8859-6EFCF5CB9688}.Release|Any CPU.Build.0 = Release|Any CPU
		{BDA670BD-56C2-49FD-8859-6EFCF5CB9688}.Release|Any CPU.Deploy.0 = Release|Any CPU
		{BDA670BD-56C2-49FD-8859-6EFCF5CB9688}.Release|ARM.ActiveCfg = Release|Any CPU
		{BDA670BD-56C2-49FD-8859-6EFCF5CB9688}.Release|ARM.Build.0 = Release|Any CPU
		{BDA670BD-56C2-49FD-8859-6EFCF5CB9688}.Release|ARM.Deploy.0 = Release|Any CPU
		{BDA670BD-56C2-49FD-8859-6EFCF5CB9688}.Release|iPhone.ActiveCfg = Release|Any CPU
		{BDA670BD-56C2-49FD-8859-6EFCF5CB9688}.Release|iPhone.Build.0 = Release|Any CPU
		{BDA670BD-56C2-49FD-8859-6EFCF5CB9688}.Release|iPhone.Deploy.0 = Release|Any CPU
		{BDA670BD-56C2-49FD-8859-6EFCF5CB9688}.Release|iPhoneSimulator.ActiveCfg = Release|Any CPU
		{BDA670BD-56C2-49FD-8859-6EFCF5CB9688}.Release|iPhoneSimulator.Build.0 = Release|Any CPU
		{BDA670BD-56C2-49FD-8859-6EFCF5CB9688}.Release|iPhoneSimulator.Deploy.0 = Release|Any CPU
		{BDA670BD-56C2-49FD-8859-6EFCF5CB9688}.Release|x64.ActiveCfg = Release|Any CPU
		{BDA670BD-56C2-49FD-8859-6EFCF5CB9688}.Release|x64.Build.0 = Release|Any CPU
		{BDA670BD-56C2-49FD-8859-6EFCF5CB9688}.Release|x64.Deploy.0 = Release|Any CPU
		{BDA670BD-56C2-49FD-8859-6EFCF5CB9688}.Release|x86.ActiveCfg = Release|Any CPU
		{BDA670BD-56C2-49FD-8859-6EFCF5CB9688}.Release|x86.Build.0 = Release|Any CPU
		{BDA670BD-56C2-49FD-8859-6EFCF5CB9688}.Release|x86.Deploy.0 = Release|Any CPU
		{48B5CEE9-25E0-4271-B933-97019B580A7C}.Debug|Any CPU.ActiveCfg = Debug|iPhoneSimulator
		{48B5CEE9-25E0-4271-B933-97019B580A7C}.Debug|Any CPU.Build.0 = Debug|iPhoneSimulator
		{48B5CEE9-25E0-4271-B933-97019B580A7C}.Debug|Any CPU.Deploy.0 = Debug|iPhoneSimulator
		{48B5CEE9-25E0-4271-B933-97019B580A7C}.Debug|ARM.ActiveCfg = Debug|iPhone
		{48B5CEE9-25E0-4271-B933-97019B580A7C}.Debug|ARM.Build.0 = Debug|iPhone
		{48B5CEE9-25E0-4271-B933-97019B580A7C}.Debug|ARM.Deploy.0 = Debug|iPhone
		{48B5CEE9-25E0-4271-B933-97019B580A7C}.Debug|iPhone.ActiveCfg = Debug|iPhone
		{48B5CEE9-25E0-4271-B933-97019B580A7C}.Debug|iPhone.Build.0 = Debug|iPhone
		{48B5CEE9-25E0-4271-B933-97019B580A7C}.Debug|iPhone.Deploy.0 = Debug|iPhone
		{48B5CEE9-25E0-4271-B933-97019B580A7C}.Debug|iPhoneSimulator.ActiveCfg = Debug|iPhoneSimulator
		{48B5CEE9-25E0-4271-B933-97019B580A7C}.Debug|iPhoneSimulator.Build.0 = Debug|iPhoneSimulator
		{48B5CEE9-25E0-4271-B933-97019B580A7C}.Debug|iPhoneSimulator.Deploy.0 = Debug|iPhoneSimulator
		{48B5CEE9-25E0-4271-B933-97019B580A7C}.Debug|x64.ActiveCfg = Debug|iPhoneSimulator
		{48B5CEE9-25E0-4271-B933-97019B580A7C}.Debug|x64.Build.0 = Debug|iPhoneSimulator
		{48B5CEE9-25E0-4271-B933-97019B580A7C}.Debug|x64.Deploy.0 = Debug|iPhoneSimulator
		{48B5CEE9-25E0-4271-B933-97019B580A7C}.Debug|x86.ActiveCfg = Debug|iPhoneSimulator
		{48B5CEE9-25E0-4271-B933-97019B580A7C}.Debug|x86.Build.0 = Debug|iPhoneSimulator
		{48B5CEE9-25E0-4271-B933-97019B580A7C}.Debug|x86.Deploy.0 = Debug|iPhoneSimulator
		{48B5CEE9-25E0-4271-B933-97019B580A7C}.Release|Any CPU.ActiveCfg = Release|iPhoneSimulator
		{48B5CEE9-25E0-4271-B933-97019B580A7C}.Release|Any CPU.Build.0 = Release|iPhoneSimulator
		{48B5CEE9-25E0-4271-B933-97019B580A7C}.Release|Any CPU.Deploy.0 = Release|iPhoneSimulator
		{48B5CEE9-25E0-4271-B933-97019B580A7C}.Release|ARM.ActiveCfg = Release|iPhoneSimulator
		{48B5CEE9-25E0-4271-B933-97019B580A7C}.Release|ARM.Build.0 = Release|iPhoneSimulator
		{48B5CEE9-25E0-4271-B933-97019B580A7C}.Release|ARM.Deploy.0 = Release|iPhoneSimulator
		{48B5CEE9-25E0-4271-B933-97019B580A7C}.Release|iPhone.ActiveCfg = Release|iPhone
		{48B5CEE9-25E0-4271-B933-97019B580A7C}.Release|iPhone.Build.0 = Release|iPhone
		{48B5CEE9-25E0-4271-B933-97019B580A7C}.Release|iPhone.Deploy.0 = Release|iPhone
		{48B5CEE9-25E0-4271-B933-97019B580A7C}.Release|iPhoneSimulator.ActiveCfg = Release|iPhoneSimulator
		{48B5CEE9-25E0-4271-B933-97019B580A7C}.Release|iPhoneSimulator.Build.0 = Release|iPhoneSimulator
		{48B5CEE9-25E0-4271-B933-97019B580A7C}.Release|iPhoneSimulator.Deploy.0 = Release|iPhoneSimulator
		{48B5CEE9-25E0-4271-B933-97019B580A7C}.Release|x64.ActiveCfg = Release|iPhoneSimulator
		{48B5CEE9-25E0-4271-B933-97019B580A7C}.Release|x64.Build.0 = Release|iPhoneSimulator
		{48B5CEE9-25E0-4271-B933-97019B580A7C}.Release|x64.Deploy.0 = Release|iPhoneSimulator
		{48B5CEE9-25E0-4271-B933-97019B580A7C}.Release|x86.ActiveCfg = Release|iPhoneSimulator
		{48B5CEE9-25E0-4271-B933-97019B580A7C}.Release|x86.Build.0 = Release|iPhoneSimulator
		{48B5CEE9-25E0-4271-B933-97019B580A7C}.Release|x86.Deploy.0 = Release|iPhoneSimulator
		{DD5E3AB6-4389-48F3-B18D-070AA1BE9357}.Debug|Any CPU.ActiveCfg = Debug|Any CPU
		{DD5E3AB6-4389-48F3-B18D-070AA1BE9357}.Debug|Any CPU.Build.0 = Debug|Any CPU
		{DD5E3AB6-4389-48F3-B18D-070AA1BE9357}.Debug|Any CPU.Deploy.0 = Debug|Any CPU
		{DD5E3AB6-4389-48F3-B18D-070AA1BE9357}.Debug|ARM.ActiveCfg = Debug|Any CPU
		{DD5E3AB6-4389-48F3-B18D-070AA1BE9357}.Debug|ARM.Build.0 = Debug|Any CPU
		{DD5E3AB6-4389-48F3-B18D-070AA1BE9357}.Debug|ARM.Deploy.0 = Debug|Any CPU
		{DD5E3AB6-4389-48F3-B18D-070AA1BE9357}.Debug|iPhone.ActiveCfg = Debug|Any CPU
		{DD5E3AB6-4389-48F3-B18D-070AA1BE9357}.Debug|iPhone.Build.0 = Debug|Any CPU
		{DD5E3AB6-4389-48F3-B18D-070AA1BE9357}.Debug|iPhone.Deploy.0 = Debug|Any CPU
		{DD5E3AB6-4389-48F3-B18D-070AA1BE9357}.Debug|iPhoneSimulator.ActiveCfg = Debug|Any CPU
		{DD5E3AB6-4389-48F3-B18D-070AA1BE9357}.Debug|iPhoneSimulator.Build.0 = Debug|Any CPU
		{DD5E3AB6-4389-48F3-B18D-070AA1BE9357}.Debug|iPhoneSimulator.Deploy.0 = Debug|Any CPU
		{DD5E3AB6-4389-48F3-B18D-070AA1BE9357}.Debug|x64.ActiveCfg = Debug|Any CPU
		{DD5E3AB6-4389-48F3-B18D-070AA1BE9357}.Debug|x64.Build.0 = Debug|Any CPU
		{DD5E3AB6-4389-48F3-B18D-070AA1BE9357}.Debug|x64.Deploy.0 = Debug|Any CPU
		{DD5E3AB6-4389-48F3-B18D-070AA1BE9357}.Debug|x86.ActiveCfg = Debug|Any CPU
		{DD5E3AB6-4389-48F3-B18D-070AA1BE9357}.Debug|x86.Build.0 = Debug|Any CPU
		{DD5E3AB6-4389-48F3-B18D-070AA1BE9357}.Debug|x86.Deploy.0 = Debug|Any CPU
		{DD5E3AB6-4389-48F3-B18D-070AA1BE9357}.Release|Any CPU.ActiveCfg = Release|Any CPU
		{DD5E3AB6-4389-48F3-B18D-070AA1BE9357}.Release|Any CPU.Build.0 = Release|Any CPU
		{DD5E3AB6-4389-48F3-B18D-070AA1BE9357}.Release|Any CPU.Deploy.0 = Release|Any CPU
		{DD5E3AB6-4389-48F3-B18D-070AA1BE9357}.Release|ARM.ActiveCfg = Release|Any CPU
		{DD5E3AB6-4389-48F3-B18D-070AA1BE9357}.Release|ARM.Build.0 = Release|Any CPU
		{DD5E3AB6-4389-48F3-B18D-070AA1BE9357}.Release|ARM.Deploy.0 = Release|Any CPU
		{DD5E3AB6-4389-48F3-B18D-070AA1BE9357}.Release|iPhone.ActiveCfg = Release|Any CPU
		{DD5E3AB6-4389-48F3-B18D-070AA1BE9357}.Release|iPhone.Build.0 = Release|Any CPU
		{DD5E3AB6-4389-48F3-B18D-070AA1BE9357}.Release|iPhone.Deploy.0 = Release|Any CPU
		{DD5E3AB6-4389-48F3-B18D-070AA1BE9357}.Release|iPhoneSimulator.ActiveCfg = Release|Any CPU
		{DD5E3AB6-4389-48F3-B18D-070AA1BE9357}.Release|iPhoneSimulator.Build.0 = Release|Any CPU
		{DD5E3AB6-4389-48F3-B18D-070AA1BE9357}.Release|iPhoneSimulator.Deploy.0 = Release|Any CPU
		{DD5E3AB6-4389-48F3-B18D-070AA1BE9357}.Release|x64.ActiveCfg = Release|Any CPU
		{DD5E3AB6-4389-48F3-B18D-070AA1BE9357}.Release|x64.Build.0 = Release|Any CPU
		{DD5E3AB6-4389-48F3-B18D-070AA1BE9357}.Release|x64.Deploy.0 = Release|Any CPU
		{DD5E3AB6-4389-48F3-B18D-070AA1BE9357}.Release|x86.ActiveCfg = Release|Any CPU
		{DD5E3AB6-4389-48F3-B18D-070AA1BE9357}.Release|x86.Build.0 = Release|Any CPU
		{DD5E3AB6-4389-48F3-B18D-070AA1BE9357}.Release|x86.Deploy.0 = Release|Any CPU
	EndGlobalSection
	GlobalSection(SolutionProperties) = preSolution
		HideSolutionNode = FALSE
	EndGlobalSection
	GlobalSection(ExtensibilityGlobals) = postSolution
		SolutionGuid = {03E6BE72-F3A6-43AC-9B11-30963CFB5FAD}
	EndGlobalSection
EndGlobal
